// !$*UTF8*$!
{
	archiveVersion = 1;
	classes = {
	};
	objectVersion = 55;
	objects = {

/* Begin PBXBuildFile section */
		BB659CFF29A8EE6B00C24306 /* Subjects.swift in Sources */ = {isa = PBXBuildFile; fileRef = BB659CFE29A8EE6B00C24306 /* Subjects.swift */; };
		BB7EFF64298E6F9E004219DA /* CommentCardWriterApp.swift in Sources */ = {isa = PBXBuildFile; fileRef = BB7EFF63298E6F9E004219DA /* CommentCardWriterApp.swift */; };
		BB7EFF66298E6F9E004219DA /* WriterView.swift in Sources */ = {isa = PBXBuildFile; fileRef = BB7EFF65298E6F9E004219DA /* WriterView.swift */; };
		BB7EFF68298E6FA0004219DA /* Assets.xcassets in Resources */ = {isa = PBXBuildFile; fileRef = BB7EFF67298E6FA0004219DA /* Assets.xcassets */; };
		BB7EFF6B298E6FA0004219DA /* Preview Assets.xcassets in Resources */ = {isa = PBXBuildFile; fileRef = BB7EFF6A298E6FA0004219DA /* Preview Assets.xcassets */; };
		BB7EFF75298E6FA0004219DA /* CommentCardWriterTests.swift in Sources */ = {isa = PBXBuildFile; fileRef = BB7EFF74298E6FA0004219DA /* CommentCardWriterTests.swift */; };
		BB7EFF7F298E6FA0004219DA /* CommentCardWriterUITests.swift in Sources */ = {isa = PBXBuildFile; fileRef = BB7EFF7E298E6FA0004219DA /* CommentCardWriterUITests.swift */; };
		BB7EFF81298E6FA0004219DA /* CommentCardWriterUITestsLaunchTests.swift in Sources */ = {isa = PBXBuildFile; fileRef = BB7EFF80298E6FA0004219DA /* CommentCardWriterUITestsLaunchTests.swift */; };
		BB7EFF91298E721F004219DA /* Comment.swift in Sources */ = {isa = PBXBuildFile; fileRef = BB7EFF90298E721F004219DA /* Comment.swift */; };
/* End PBXBuildFile section */

/* Begin PBXContainerItemProxy section */
		BB7EFF71298E6FA0004219DA /* PBXContainerItemProxy */ = {
			isa = PBXContainerItemProxy;
			containerPortal = BB7EFF58298E6F9E004219DA /* Project object */;
			proxyType = 1;
			remoteGlobalIDString = BB7EFF5F298E6F9E004219DA;
			remoteInfo = CommentCardWriter;
		};
		BB7EFF7B298E6FA0004219DA /* PBXContainerItemProxy */ = {
			isa = PBXContainerItemProxy;
			containerPortal = BB7EFF58298E6F9E004219DA /* Project object */;
			proxyType = 1;
			remoteGlobalIDString = BB7EFF5F298E6F9E004219DA;
			remoteInfo = CommentCardWriter;
		};
/* End PBXContainerItemProxy section */

/* Begin PBXFileReference section */
		BB659CFE29A8EE6B00C24306 /* Subjects.swift */ = {isa = PBXFileReference; lastKnownFileType = sourcecode.swift; path = Subjects.swift; sourceTree = "<group>"; };
		BB7EFF60298E6F9E004219DA /* CommentCardWriter.app */ = {isa = PBXFileReference; explicitFileType = wrapper.application; includeInIndex = 0; path = CommentCardWriter.app; sourceTree = BUILT_PRODUCTS_DIR; };
		BB7EFF63298E6F9E004219DA /* CommentCardWriterApp.swift */ = {isa = PBXFileReference; lastKnownFileType = sourcecode.swift; path = CommentCardWriterApp.swift; sourceTree = "<group>"; };
		BB7EFF65298E6F9E004219DA /* WriterView.swift */ = {isa = PBXFileReference; lastKnownFileType = sourcecode.swift; path = WriterView.swift; sourceTree = "<group>"; };
		BB7EFF67298E6FA0004219DA /* Assets.xcassets */ = {isa = PBXFileReference; lastKnownFileType = folder.assetcatalog; path = Assets.xcassets; sourceTree = "<group>"; };
		BB7EFF6A298E6FA0004219DA /* Preview Assets.xcassets */ = {isa = PBXFileReference; lastKnownFileType = folder.assetcatalog; path = "Preview Assets.xcassets"; sourceTree = "<group>"; };
		BB7EFF70298E6FA0004219DA /* CommentCardWriterTests.xctest */ = {isa = PBXFileReference; explicitFileType = wrapper.cfbundle; includeInIndex = 0; path = CommentCardWriterTests.xctest; sourceTree = BUILT_PRODUCTS_DIR; };
		BB7EFF74298E6FA0004219DA /* CommentCardWriterTests.swift */ = {isa = PBXFileReference; lastKnownFileType = sourcecode.swift; path = CommentCardWriterTests.swift; sourceTree = "<group>"; };
		BB7EFF7A298E6FA0004219DA /* CommentCardWriterUITests.xctest */ = {isa = PBXFileReference; explicitFileType = wrapper.cfbundle; includeInIndex = 0; path = CommentCardWriterUITests.xctest; sourceTree = BUILT_PRODUCTS_DIR; };
		BB7EFF7E298E6FA0004219DA /* CommentCardWriterUITests.swift */ = {isa = PBXFileReference; lastKnownFileType = sourcecode.swift; path = CommentCardWriterUITests.swift; sourceTree = "<group>"; };
		BB7EFF80298E6FA0004219DA /* CommentCardWriterUITestsLaunchTests.swift */ = {isa = PBXFileReference; lastKnownFileType = sourcecode.swift; path = CommentCardWriterUITestsLaunchTests.swift; sourceTree = "<group>"; };
		BB7EFF90298E721F004219DA /* Comment.swift */ = {isa = PBXFileReference; lastKnownFileType = sourcecode.swift; path = Comment.swift; sourceTree = "<group>"; };
/* End PBXFileReference section */

/* Begin PBXFrameworksBuildPhase section */
		BB7EFF5D298E6F9E004219DA /* Frameworks */ = {
			isa = PBXFrameworksBuildPhase;
			buildActionMask = 2147483647;
			files = (
			);
			runOnlyForDeploymentPostprocessing = 0;
		};
		BB7EFF6D298E6FA0004219DA /* Frameworks */ = {
			isa = PBXFrameworksBuildPhase;
			buildActionMask = 2147483647;
			files = (
			);
			runOnlyForDeploymentPostprocessing = 0;
		};
		BB7EFF77298E6FA0004219DA /* Frameworks */ = {
			isa = PBXFrameworksBuildPhase;
			buildActionMask = 2147483647;
			files = (
			);
			runOnlyForDeploymentPostprocessing = 0;
		};
/* End PBXFrameworksBuildPhase section */

/* Begin PBXGroup section */
		BB7EFF57298E6F9E004219DA = {
			isa = PBXGroup;
			children = (
				BB7EFF62298E6F9E004219DA /* CommentCardWriter */,
				BB7EFF73298E6FA0004219DA /* CommentCardWriterTests */,
				BB7EFF7D298E6FA0004219DA /* CommentCardWriterUITests */,
				BB7EFF61298E6F9E004219DA /* Products */,
			);
			sourceTree = "<group>";
		};
		BB7EFF61298E6F9E004219DA /* Products */ = {
			isa = PBXGroup;
			children = (
				BB7EFF60298E6F9E004219DA /* CommentCardWriter.app */,
				BB7EFF70298E6FA0004219DA /* CommentCardWriterTests.xctest */,
				BB7EFF7A298E6FA0004219DA /* CommentCardWriterUITests.xctest */,
			);
			name = Products;
			sourceTree = "<group>";
		};
		BB7EFF62298E6F9E004219DA /* CommentCardWriter */ = {
			isa = PBXGroup;
			children = (
				BB7EFF8F298E7014004219DA /* Extensions */,
				BB7EFF8E298E700B004219DA /* Model */,
				BB7EFF8D298E6FF0004219DA /* View */,
				BB7EFF63298E6F9E004219DA /* CommentCardWriterApp.swift */,
				BB7EFF67298E6FA0004219DA /* Assets.xcassets */,
				BB7EFF69298E6FA0004219DA /* Preview Content */,
			);
			path = CommentCardWriter;
			sourceTree = "<group>";
		};
		BB7EFF69298E6FA0004219DA /* Preview Content */ = {
			isa = PBXGroup;
			children = (
				BB7EFF6A298E6FA0004219DA /* Preview Assets.xcassets */,
			);
			path = "Preview Content";
			sourceTree = "<group>";
		};
		BB7EFF73298E6FA0004219DA /* CommentCardWriterTests */ = {
			isa = PBXGroup;
			children = (
				BB7EFF74298E6FA0004219DA /* CommentCardWriterTests.swift */,
			);
			path = CommentCardWriterTests;
			sourceTree = "<group>";
		};
		BB7EFF7D298E6FA0004219DA /* CommentCardWriterUITests */ = {
			isa = PBXGroup;
			children = (
				BB7EFF7E298E6FA0004219DA /* CommentCardWriterUITests.swift */,
				BB7EFF80298E6FA0004219DA /* CommentCardWriterUITestsLaunchTests.swift */,
			);
			path = CommentCardWriterUITests;
			sourceTree = "<group>";
		};
		BB7EFF8D298E6FF0004219DA /* View */ = {
			isa = PBXGroup;
			children = (
				BB7EFF65298E6F9E004219DA /* WriterView.swift */,
			);
			path = View;
			sourceTree = "<group>";
		};
		BB7EFF8E298E700B004219DA /* Model */ = {
			isa = PBXGroup;
			children = (
				BB7EFF90298E721F004219DA /* Comment.swift */,
				BB659CFE29A8EE6B00C24306 /* Subjects.swift */,
			);
			path = Model;
			sourceTree = "<group>";
		};
		BB7EFF8F298E7014004219DA /* Extensions */ = {
			isa = PBXGroup;
			children = (
			);
			path = Extensions;
			sourceTree = "<group>";
		};
/* End PBXGroup section */

/* Begin PBXNativeTarget section */
		BB7EFF5F298E6F9E004219DA /* CommentCardWriter */ = {
			isa = PBXNativeTarget;
			buildConfigurationList = BB7EFF84298E6FA0004219DA /* Build configuration list for PBXNativeTarget "CommentCardWriter" */;
			buildPhases = (
				BB7EFF5C298E6F9E004219DA /* Sources */,
				BB7EFF5D298E6F9E004219DA /* Frameworks */,
				BB7EFF5E298E6F9E004219DA /* Resources */,
			);
			buildRules = (
			);
			dependencies = (
			);
			name = CommentCardWriter;
			productName = CommentCardWriter;
			productReference = BB7EFF60298E6F9E004219DA /* CommentCardWriter.app */;
			productType = "com.apple.product-type.application";
		};
		BB7EFF6F298E6FA0004219DA /* CommentCardWriterTests */ = {
			isa = PBXNativeTarget;
			buildConfigurationList = BB7EFF87298E6FA0004219DA /* Build configuration list for PBXNativeTarget "CommentCardWriterTests" */;
			buildPhases = (
				BB7EFF6C298E6FA0004219DA /* Sources */,
				BB7EFF6D298E6FA0004219DA /* Frameworks */,
				BB7EFF6E298E6FA0004219DA /* Resources */,
			);
			buildRules = (
			);
			dependencies = (
				BB7EFF72298E6FA0004219DA /* PBXTargetDependency */,
			);
			name = CommentCardWriterTests;
			productName = CommentCardWriterTests;
			productReference = BB7EFF70298E6FA0004219DA /* CommentCardWriterTests.xctest */;
			productType = "com.apple.product-type.bundle.unit-test";
		};
		BB7EFF79298E6FA0004219DA /* CommentCardWriterUITests */ = {
			isa = PBXNativeTarget;
			buildConfigurationList = BB7EFF8A298E6FA0004219DA /* Build configuration list for PBXNativeTarget "CommentCardWriterUITests" */;
			buildPhases = (
				BB7EFF76298E6FA0004219DA /* Sources */,
				BB7EFF77298E6FA0004219DA /* Frameworks */,
				BB7EFF78298E6FA0004219DA /* Resources */,
			);
			buildRules = (
			);
			dependencies = (
				BB7EFF7C298E6FA0004219DA /* PBXTargetDependency */,
			);
			name = CommentCardWriterUITests;
			productName = CommentCardWriterUITests;
			productReference = BB7EFF7A298E6FA0004219DA /* CommentCardWriterUITests.xctest */;
			productType = "com.apple.product-type.bundle.ui-testing";
		};
/* End PBXNativeTarget section */

/* Begin PBXProject section */
		BB7EFF58298E6F9E004219DA /* Project object */ = {
			isa = PBXProject;
			attributes = {
				BuildIndependentTargetsInParallel = 1;
				LastSwiftUpdateCheck = 1320;
				LastUpgradeCheck = 1320;
				TargetAttributes = {
					BB7EFF5F298E6F9E004219DA = {
						CreatedOnToolsVersion = 13.2.1;
					};
					BB7EFF6F298E6FA0004219DA = {
						CreatedOnToolsVersion = 13.2.1;
						TestTargetID = BB7EFF5F298E6F9E004219DA;
					};
					BB7EFF79298E6FA0004219DA = {
						CreatedOnToolsVersion = 13.2.1;
						TestTargetID = BB7EFF5F298E6F9E004219DA;
					};
				};
			};
			buildConfigurationList = BB7EFF5B298E6F9E004219DA /* Build configuration list for PBXProject "CommentCardWriter" */;
			compatibilityVersion = "Xcode 13.0";
			developmentRegion = en;
			hasScannedForEncodings = 0;
			knownRegions = (
				en,
				Base,
			);
			mainGroup = BB7EFF57298E6F9E004219DA;
			productRefGroup = BB7EFF61298E6F9E004219DA /* Products */;
			projectDirPath = "";
			projectRoot = "";
			targets = (
				BB7EFF5F298E6F9E004219DA /* CommentCardWriter */,
				BB7EFF6F298E6FA0004219DA /* CommentCardWriterTests */,
				BB7EFF79298E6FA0004219DA /* CommentCardWriterUITests */,
			);
		};
/* End PBXProject section */

/* Begin PBXResourcesBuildPhase section */
		BB7EFF5E298E6F9E004219DA /* Resources */ = {
			isa = PBXResourcesBuildPhase;
			buildActionMask = 2147483647;
			files = (
				BB7EFF6B298E6FA0004219DA /* Preview Assets.xcassets in Resources */,
				BB7EFF68298E6FA0004219DA /* Assets.xcassets in Resources */,
			);
			runOnlyForDeploymentPostprocessing = 0;
		};
		BB7EFF6E298E6FA0004219DA /* Resources */ = {
			isa = PBXResourcesBuildPhase;
			buildActionMask = 2147483647;
			files = (
			);
			runOnlyForDeploymentPostprocessing = 0;
		};
		BB7EFF78298E6FA0004219DA /* Resources */ = {
			isa = PBXResourcesBuildPhase;
			buildActionMask = 2147483647;
			files = (
			);
			runOnlyForDeploymentPostprocessing = 0;
		};
/* End PBXResourcesBuildPhase section */

/* Begin PBXSourcesBuildPhase section */
		BB7EFF5C298E6F9E004219DA /* Sources */ = {
			isa = PBXSourcesBuildPhase;
			buildActionMask = 2147483647;
			files = (
				BB659CFF29A8EE6B00C24306 /* Subjects.swift in Sources */,
				BB7EFF66298E6F9E004219DA /* WriterView.swift in Sources */,
				BB7EFF91298E721F004219DA /* Comment.swift in Sources */,
				BB7EFF64298E6F9E004219DA /* CommentCardWriterApp.swift in Sources */,
			);
			runOnlyForDeploymentPostprocessing = 0;
		};
		BB7EFF6C298E6FA0004219DA /* Sources */ = {
			isa = PBXSourcesBuildPhase;
			buildActionMask = 2147483647;
			files = (
				BB7EFF75298E6FA0004219DA /* CommentCardWriterTests.swift in Sources */,
			);
			runOnlyForDeploymentPostprocessing = 0;
		};
		BB7EFF76298E6FA0004219DA /* Sources */ = {
			isa = PBXSourcesBuildPhase;
			buildActionMask = 2147483647;
			files = (
				BB7EFF7F298E6FA0004219DA /* CommentCardWriterUITests.swift in Sources */,
				BB7EFF81298E6FA0004219DA /* CommentCardWriterUITestsLaunchTests.swift in Sources */,
			);
			runOnlyForDeploymentPostprocessing = 0;
		};
/* End PBXSourcesBuildPhase section */

/* Begin PBXTargetDependency section */
		BB7EFF72298E6FA0004219DA /* PBXTargetDependency */ = {
			isa = PBXTargetDependency;
			target = BB7EFF5F298E6F9E004219DA /* CommentCardWriter */;
			targetProxy = BB7EFF71298E6FA0004219DA /* PBXContainerItemProxy */;
		};
		BB7EFF7C298E6FA0004219DA /* PBXTargetDependency */ = {
			isa = PBXTargetDependency;
			target = BB7EFF5F298E6F9E004219DA /* CommentCardWriter */;
			targetProxy = BB7EFF7B298E6FA0004219DA /* PBXContainerItemProxy */;
		};
/* End PBXTargetDependency section */

/* Begin XCBuildConfiguration section */
		BB7EFF82298E6FA0004219DA /* Debug */ = {
			isa = XCBuildConfiguration;
			buildSettings = {
				ALWAYS_SEARCH_USER_PATHS = NO;
				CLANG_ANALYZER_NONNULL = YES;
				CLANG_ANALYZER_NUMBER_OBJECT_CONVERSION = YES_AGGRESSIVE;
				CLANG_CXX_LANGUAGE_STANDARD = "gnu++17";
				CLANG_CXX_LIBRARY = "libc++";
				CLANG_ENABLE_MODULES = YES;
				CLANG_ENABLE_OBJC_ARC = YES;
				CLANG_ENABLE_OBJC_WEAK = YES;
				CLANG_WARN_BLOCK_CAPTURE_AUTORELEASING = YES;
				CLANG_WARN_BOOL_CONVERSION = YES;
				CLANG_WARN_COMMA = YES;
				CLANG_WARN_CONSTANT_CONVERSION = YES;
				CLANG_WARN_DEPRECATED_OBJC_IMPLEMENTATIONS = YES;
				CLANG_WARN_DIRECT_OBJC_ISA_USAGE = YES_ERROR;
				CLANG_WARN_DOCUMENTATION_COMMENTS = YES;
				CLANG_WARN_EMPTY_BODY = YES;
				CLANG_WARN_ENUM_CONVERSION = YES;
				CLANG_WARN_INFINITE_RECURSION = YES;
				CLANG_WARN_INT_CONVERSION = YES;
				CLANG_WARN_NON_LITERAL_NULL_CONVERSION = YES;
				CLANG_WARN_OBJC_IMPLICIT_RETAIN_SELF = YES;
				CLANG_WARN_OBJC_LITERAL_CONVERSION = YES;
				CLANG_WARN_OBJC_ROOT_CLASS = YES_ERROR;
				CLANG_WARN_QUOTED_INCLUDE_IN_FRAMEWORK_HEADER = YES;
				CLANG_WARN_RANGE_LOOP_ANALYSIS = YES;
				CLANG_WARN_STRICT_PROTOTYPES = YES;
				CLANG_WARN_SUSPICIOUS_MOVE = YES;
				CLANG_WARN_UNGUARDED_AVAILABILITY = YES_AGGRESSIVE;
				CLANG_WARN_UNREACHABLE_CODE = YES;
				CLANG_WARN__DUPLICATE_METHOD_MATCH = YES;
				COPY_PHASE_STRIP = NO;
				DEBUG_INFORMATION_FORMAT = dwarf;
				ENABLE_STRICT_OBJC_MSGSEND = YES;
				ENABLE_TESTABILITY = YES;
				GCC_C_LANGUAGE_STANDARD = gnu11;
				GCC_DYNAMIC_NO_PIC = NO;
				GCC_NO_COMMON_BLOCKS = YES;
				GCC_OPTIMIZATION_LEVEL = 0;
				GCC_PREPROCESSOR_DEFINITIONS = (
					"DEBUG=1",
					"$(inherited)",
				);
				GCC_WARN_64_TO_32_BIT_CONVERSION = YES;
				GCC_WARN_ABOUT_RETURN_TYPE = YES_ERROR;
				GCC_WARN_UNDECLARED_SELECTOR = YES;
				GCC_WARN_UNINITIALIZED_AUTOS = YES_AGGRESSIVE;
				GCC_WARN_UNUSED_FUNCTION = YES;
				GCC_WARN_UNUSED_VARIABLE = YES;
				IPHONEOS_DEPLOYMENT_TARGET = 15.2;
				MTL_ENABLE_DEBUG_INFO = INCLUDE_SOURCE;
				MTL_FAST_MATH = YES;
				ONLY_ACTIVE_ARCH = YES;
				SDKROOT = iphoneos;
				SWIFT_ACTIVE_COMPILATION_CONDITIONS = DEBUG;
				SWIFT_OPTIMIZATION_LEVEL = "-Onone";
			};
			name = Debug;
		};
		BB7EFF83298E6FA0004219DA /* Release */ = {
			isa = XCBuildConfiguration;
			buildSettings = {
				ALWAYS_SEARCH_USER_PATHS = NO;
				CLANG_ANALYZER_NONNULL = YES;
				CLANG_ANALYZER_NUMBER_OBJECT_CONVERSION = YES_AGGRESSIVE;
				CLANG_CXX_LANGUAGE_STANDARD = "gnu++17";
				CLANG_CXX_LIBRARY = "libc++";
				CLANG_ENABLE_MODULES = YES;
				CLANG_ENABLE_OBJC_ARC = YES;
				CLANG_ENABLE_OBJC_WEAK = YES;
				CLANG_WARN_BLOCK_CAPTURE_AUTORELEASING = YES;
				CLANG_WARN_BOOL_CONVERSION = YES;
				CLANG_WARN_COMMA = YES;
				CLANG_WARN_CONSTANT_CONVERSION = YES;
				CLANG_WARN_DEPRECATED_OBJC_IMPLEMENTATIONS = YES;
				CLANG_WARN_DIRECT_OBJC_ISA_USAGE = YES_ERROR;
				CLANG_WARN_DOCUMENTATION_COMMENTS = YES;
				CLANG_WARN_EMPTY_BODY = YES;
				CLANG_WARN_ENUM_CONVERSION = YES;
				CLANG_WARN_INFINITE_RECURSION = YES;
				CLANG_WARN_INT_CONVERSION = YES;
				CLANG_WARN_NON_LITERAL_NULL_CONVERSION = YES;
				CLANG_WARN_OBJC_IMPLICIT_RETAIN_SELF = YES;
				CLANG_WARN_OBJC_LITERAL_CONVERSION = YES;
				CLANG_WARN_OBJC_ROOT_CLASS = YES_ERROR;
				CLANG_WARN_QUOTED_INCLUDE_IN_FRAMEWORK_HEADER = YES;
				CLANG_WARN_RANGE_LOOP_ANALYSIS = YES;
				CLANG_WARN_STRICT_PROTOTYPES = YES;
				CLANG_WARN_SUSPICIOUS_MOVE = YES;
				CLANG_WARN_UNGUARDED_AVAILABILITY = YES_AGGRESSIVE;
				CLANG_WARN_UNREACHABLE_CODE = YES;
				CLANG_WARN__DUPLICATE_METHOD_MATCH = YES;
				COPY_PHASE_STRIP = NO;
				DEBUG_INFORMATION_FORMAT = "dwarf-with-dsym";
				ENABLE_NS_ASSERTIONS = NO;
				ENABLE_STRICT_OBJC_MSGSEND = YES;
				GCC_C_LANGUAGE_STANDARD = gnu11;
				GCC_NO_COMMON_BLOCKS = YES;
				GCC_WARN_64_TO_32_BIT_CONVERSION = YES;
				GCC_WARN_ABOUT_RETURN_TYPE = YES_ERROR;
				GCC_WARN_UNDECLARED_SELECTOR = YES;
				GCC_WARN_UNINITIALIZED_AUTOS = YES_AGGRESSIVE;
				GCC_WARN_UNUSED_FUNCTION = YES;
				GCC_WARN_UNUSED_VARIABLE = YES;
				IPHONEOS_DEPLOYMENT_TARGET = 15.2;
				MTL_ENABLE_DEBUG_INFO = NO;
				MTL_FAST_MATH = YES;
				SDKROOT = iphoneos;
				SWIFT_COMPILATION_MODE = wholemodule;
				SWIFT_OPTIMIZATION_LEVEL = "-O";
				VALIDATE_PRODUCT = YES;
			};
			name = Release;
		};
		BB7EFF85298E6FA0004219DA /* Debug */ = {
			isa = XCBuildConfiguration;
			buildSettings = {
				ASSETCATALOG_COMPILER_APPICON_NAME = AppIcon;
				ASSETCATALOG_COMPILER_GLOBAL_ACCENT_COLOR_NAME = AccentColor;
				CODE_SIGN_STYLE = Automatic;
				CURRENT_PROJECT_VERSION = 1;
				DEVELOPMENT_ASSET_PATHS = "\"CommentCardWriter/Preview Content\"";
				ENABLE_PREVIEWS = YES;
				GENERATE_INFOPLIST_FILE = YES;
				INFOPLIST_KEY_UIApplicationSceneManifest_Generation = YES;
				INFOPLIST_KEY_UIApplicationSupportsIndirectInputEvents = YES;
				INFOPLIST_KEY_UILaunchScreen_Generation = YES;
				INFOPLIST_KEY_UISupportedInterfaceOrientations_iPad = "UIInterfaceOrientationPortrait UIInterfaceOrientationPortraitUpsideDown UIInterfaceOrientationLandscapeLeft UIInterfaceOrientationLandscapeRight";
				INFOPLIST_KEY_UISupportedInterfaceOrientations_iPhone = "UIInterfaceOrientationPortrait UIInterfaceOrientationLandscapeLeft UIInterfaceOrientationLandscapeRight";
				LD_RUNPATH_SEARCH_PATHS = (
					"$(inherited)",
					"@executable_path/Frameworks",
				);
				MARKETING_VERSION = 1.0;
				PRODUCT_BUNDLE_IDENTIFIER = "com.Eesa-J.CommentCardWriter";
				PRODUCT_NAME = "$(TARGET_NAME)";
				SWIFT_EMIT_LOC_STRINGS = YES;
				SWIFT_VERSION = 5.0;
				TARGETED_DEVICE_FAMILY = "1,2";
			};
			name = Debug;
		};
		BB7EFF86298E6FA0004219DA /* Release */ = {
			isa = XCBuildConfiguration;
			buildSettings = {
				ASSETCATALOG_COMPILER_APPICON_NAME = AppIcon;
				ASSETCATALOG_COMPILER_GLOBAL_ACCENT_COLOR_NAME = AccentColor;
				CODE_SIGN_STYLE = Automatic;
				CURRENT_PROJECT_VERSION = 1;
				DEVELOPMENT_ASSET_PATHS = "\"CommentCardWriter/Preview Content\"";
				ENABLE_PREVIEWS = YES;
				GENERATE_INFOPLIST_FILE = YES;
				INFOPLIST_KEY_UIApplicationSceneManifest_Generation = YES;
				INFOPLIST_KEY_UIApplicationSupportsIndirectInputEvents = YES;
				INFOPLIST_KEY_UILaunchScreen_Generation = YES;
				INFOPLIST_KEY_UISupportedInterfaceOrientations_iPad = "UIInterfaceOrientationPortrait UIInterfaceOrientationPortraitUpsideDown UIInterfaceOrientationLandscapeLeft UIInterfaceOrientationLandscapeRight";
				INFOPLIST_KEY_UISupportedInterfaceOrientations_iPhone = "UIInterfaceOrientationPortrait UIInterfaceOrientationLandscapeLeft UIInterfaceOrientationLandscapeRight";
				LD_RUNPATH_SEARCH_PATHS = (
					"$(inherited)",
					"@executable_path/Frameworks",
				);
				MARKETING_VERSION = 1.0;
				PRODUCT_BUNDLE_IDENTIFIER = "com.Eesa-J.CommentCardWriter";
				PRODUCT_NAME = "$(TARGET_NAME)";
				SWIFT_EMIT_LOC_STRINGS = YES;
				SWIFT_VERSION = 5.0;
				TARGETED_DEVICE_FAMILY = "1,2";
			};
			name = Release;
		};
		BB7EFF88298E6FA0004219DA /* Debug */ = {
			isa = XCBuildConfiguration;
			buildSettings = {
				ALWAYS_EMBED_SWIFT_STANDARD_LIBRARIES = YES;
				BUNDLE_LOADER = "$(TEST_HOST)";
				CODE_SIGN_STYLE = Automatic;
				CURRENT_PROJECT_VERSION = 1;
				GENERATE_INFOPLIST_FILE = YES;
				IPHONEOS_DEPLOYMENT_TARGET = 15.2;
				MARKETING_VERSION = 1.0;
				PRODUCT_BUNDLE_IDENTIFIER = "com.Eesa-J.CommentCardWriterTests";
				PRODUCT_NAME = "$(TARGET_NAME)";
				SWIFT_EMIT_LOC_STRINGS = NO;
				SWIFT_VERSION = 5.0;
				TARGETED_DEVICE_FAMILY = "1,2";
				TEST_HOST = "$(BUILT_PRODUCTS_DIR)/CommentCardWriter.app/CommentCardWriter";
			};
			name = Debug;
		};
		BB7EFF89298E6FA0004219DA /* Release */ = {
			isa = XCBuildConfiguration;
			buildSettings = {
				ALWAYS_EMBED_SWIFT_STANDARD_LIBRARIES = YES;
				BUNDLE_LOADER = "$(TEST_HOST)";
				CODE_SIGN_STYLE = Automatic;
				CURRENT_PROJECT_VERSION = 1;
				GENERATE_INFOPLIST_FILE = YES;
				IPHONEOS_DEPLOYMENT_TARGET = 15.2;
				MARKETING_VERSION = 1.0;
				PRODUCT_BUNDLE_IDENTIFIER = "com.Eesa-J.CommentCardWriterTests";
				PRODUCT_NAME = "$(TARGET_NAME)";
				SWIFT_EMIT_LOC_STRINGS = NO;
				SWIFT_VERSION = 5.0;
				TARGETED_DEVICE_FAMILY = "1,2";
				TEST_HOST = "$(BUILT_PRODUCTS_DIR)/CommentCardWriter.app/CommentCardWriter";
			};
			name = Release;
		};
		BB7EFF8B298E6FA0004219DA /* Debug */ = {
			isa = XCBuildConfiguration;
			buildSettings = {
				ALWAYS_EMBED_SWIFT_STANDARD_LIBRARIES = YES;
				CODE_SIGN_STYLE = Automatic;
				CURRENT_PROJECT_VERSION = 1;
				GENERATE_INFOPLIST_FILE = YES;
				MARKETING_VERSION = 1.0;
				PRODUCT_BUNDLE_IDENTIFIER = "com.Eesa-J.CommentCardWriterUITests";
				PRODUCT_NAME = "$(TARGET_NAME)";
				SWIFT_EMIT_LOC_STRINGS = NO;
				SWIFT_VERSION = 5.0;
				TARGETED_DEVICE_FAMILY = "1,2";
				TEST_TARGET_NAME = CommentCardWriter;
			};
			name = Debug;
		};
		BB7EFF8C298E6FA0004219DA /* Release */ = {
			isa = XCBuildConfiguration;
			buildSettings = {
				ALWAYS_EMBED_SWIFT_STANDARD_LIBRARIES = YES;
				CODE_SIGN_STYLE = Automatic;
				CURRENT_PROJECT_VERSION = 1;
				GENERATE_INFOPLIST_FILE = YES;
				MARKETING_VERSION = 1.0;
				PRODUCT_BUNDLE_IDENTIFIER = "com.Eesa-J.CommentCardWriterUITests";
				PRODUCT_NAME = "$(TARGET_NAME)";
				SWIFT_EMIT_LOC_STRINGS = NO;
				SWIFT_VERSION = 5.0;
				TARGETED_DEVICE_FAMILY = "1,2";
				TEST_TARGET_NAME = CommentCardWriter;
			};
			name = Release;
		};
/* End XCBuildConfiguration section */

/* Begin XCConfigurationList section */
		BB7EFF5B298E6F9E004219DA /* Build configuration list for PBXProject "CommentCardWriter" */ = {
			isa = XCConfigurationList;
			buildConfigurations = (
				BB7EFF82298E6FA0004219DA /* Debug */,
				BB7EFF83298E6FA0004219DA /* Release */,
			);
			defaultConfigurationIsVisible = 0;
			defaultConfigurationName = Release;
		};
		BB7EFF84298E6FA0004219DA /* Build configuration list for PBXNativeTarget "CommentCardWriter" */ = {
			isa = XCConfigurationList;
			buildConfigurations = (
				BB7EFF85298E6FA0004219DA /* Debug */,
				BB7EFF86298E6FA0004219DA /* Release */,
			);
			defaultConfigurationIsVisible = 0;
			defaultConfigurationName = Release;
		};
		BB7EFF87298E6FA0004219DA /* Build configuration list for PBXNativeTarget "CommentCardWriterTests" */ = {
			isa = XCConfigurationList;
			buildConfigurations = (
				BB7EFF88298E6FA0004219DA /* Debug */,
				BB7EFF89298E6FA0004219DA /* Release */,
			);
			defaultConfigurationIsVisible = 0;
			defaultConfigurationName = Release;
		};
		BB7EFF8A298E6FA0004219DA /* Build configuration list for PBXNativeTarget "CommentCardWriterUITests" */ = {
			isa = XCConfigurationList;
			buildConfigurations = (
				BB7EFF8B298E6FA0004219DA /* Debug */,
				BB7EFF8C298E6FA0004219DA /* Release */,
			);
			defaultConfigurationIsVisible = 0;
			defaultConfigurationName = Release;
		};
/* End XCConfigurationList section */
	};
	rootObject = BB7EFF58298E6F9E004219DA /* Project object */;
}
